// !$*UTF8*$!
{
	archiveVersion = 1;
	classes = {
	};
	objectVersion = 56;
	objects = {

/* Begin PBXBuildFile section */
		CB0291482A20089200A2E78C /* ItemListView.swift in Sources */ = {isa = PBXBuildFile; fileRef = CB0291472A20089200A2E78C /* ItemListView.swift */; };
		CB4BADE62A1E793500670A33 /* HackerNewsApolloApp.swift in Sources */ = {isa = PBXBuildFile; fileRef = CB4BADE52A1E793500670A33 /* HackerNewsApolloApp.swift */; };
		CB4BADE82A1E793500670A33 /* ContentView.swift in Sources */ = {isa = PBXBuildFile; fileRef = CB4BADE72A1E793500670A33 /* ContentView.swift */; };
		CB4BADEA2A1E793600670A33 /* Assets.xcassets in Resources */ = {isa = PBXBuildFile; fileRef = CB4BADE92A1E793600670A33 /* Assets.xcassets */; };
		CB4BADED2A1E793600670A33 /* Preview Assets.xcassets in Resources */ = {isa = PBXBuildFile; fileRef = CB4BADEC2A1E793600670A33 /* Preview Assets.xcassets */; };
		CB4BADF52A1E797800670A33 /* ItemPreview.swift in Sources */ = {isa = PBXBuildFile; fileRef = CB4BADF42A1E797800670A33 /* ItemPreview.swift */; };
		CB805E9D2A1EDBEF00690594 /* story.json in Resources */ = {isa = PBXBuildFile; fileRef = CB805E9C2A1EDBEF00690594 /* story.json */; };
		CB805E9F2A1EDC3200690594 /* item_list_response.json in Resources */ = {isa = PBXBuildFile; fileRef = CB805E9E2A1EDC3200690594 /* item_list_response.json */; };
		CB805EA12A1EDCBB00690594 /* ItemListResponse.swift in Sources */ = {isa = PBXBuildFile; fileRef = CB805EA02A1EDCBB00690594 /* ItemListResponse.swift */; };
		CB805EA32A1EDEC900690594 /* JSONFileReader.swift in Sources */ = {isa = PBXBuildFile; fileRef = CB805EA22A1EDEC900690594 /* JSONFileReader.swift */; };
		CB805EA62A1EE76700690594 /* ItemPreviewView.swift in Sources */ = {isa = PBXBuildFile; fileRef = CB805EA52A1EE76700690594 /* ItemPreviewView.swift */; };
		CB805EA82A1EECD900690594 /* ItemTypeDisplay.swift in Sources */ = {isa = PBXBuildFile; fileRef = CB805EA72A1EECD900690594 /* ItemTypeDisplay.swift */; };
/* End PBXBuildFile section */

/* Begin PBXFileReference section */
		CB0291472A20089200A2E78C /* ItemListView.swift */ = {isa = PBXFileReference; lastKnownFileType = sourcecode.swift; path = ItemListView.swift; sourceTree = "<group>"; };
		CB4BADE22A1E793500670A33 /* HackerNewsApollo.app */ = {isa = PBXFileReference; explicitFileType = wrapper.application; includeInIndex = 0; path = HackerNewsApollo.app; sourceTree = BUILT_PRODUCTS_DIR; };
		CB4BADE52A1E793500670A33 /* HackerNewsApolloApp.swift */ = {isa = PBXFileReference; lastKnownFileType = sourcecode.swift; path = HackerNewsApolloApp.swift; sourceTree = "<group>"; };
		CB4BADE72A1E793500670A33 /* ContentView.swift */ = {isa = PBXFileReference; lastKnownFileType = sourcecode.swift; name = ContentView.swift; path = HackerNewsApollo/ContentView.swift; sourceTree = SOURCE_ROOT; };
		CB4BADE92A1E793600670A33 /* Assets.xcassets */ = {isa = PBXFileReference; lastKnownFileType = folder.assetcatalog; path = Assets.xcassets; sourceTree = "<group>"; };
		CB4BADEC2A1E793600670A33 /* Preview Assets.xcassets */ = {isa = PBXFileReference; lastKnownFileType = folder.assetcatalog; path = "Preview Assets.xcassets"; sourceTree = "<group>"; };
		CB4BADF42A1E797800670A33 /* ItemPreview.swift */ = {isa = PBXFileReference; lastKnownFileType = sourcecode.swift; path = ItemPreview.swift; sourceTree = "<group>"; };
		CB805E9C2A1EDBEF00690594 /* story.json */ = {isa = PBXFileReference; lastKnownFileType = text.json; path = story.json; sourceTree = "<group>"; };
		CB805E9E2A1EDC3200690594 /* item_list_response.json */ = {isa = PBXFileReference; lastKnownFileType = text.json; path = item_list_response.json; sourceTree = "<group>"; };
		CB805EA02A1EDCBB00690594 /* ItemListResponse.swift */ = {isa = PBXFileReference; lastKnownFileType = sourcecode.swift; path = ItemListResponse.swift; sourceTree = "<group>"; };
		CB805EA22A1EDEC900690594 /* JSONFileReader.swift */ = {isa = PBXFileReference; lastKnownFileType = sourcecode.swift; path = JSONFileReader.swift; sourceTree = "<group>"; };
		CB805EA52A1EE76700690594 /* ItemPreviewView.swift */ = {isa = PBXFileReference; lastKnownFileType = sourcecode.swift; path = ItemPreviewView.swift; sourceTree = "<group>"; };
		CB805EA72A1EECD900690594 /* ItemTypeDisplay.swift */ = {isa = PBXFileReference; lastKnownFileType = sourcecode.swift; path = ItemTypeDisplay.swift; sourceTree = "<group>"; };
/* End PBXFileReference section */

/* Begin PBXFrameworksBuildPhase section */
		CB4BADDF2A1E793500670A33 /* Frameworks */ = {
			isa = PBXFrameworksBuildPhase;
			buildActionMask = 2147483647;
			files = (
			);
			runOnlyForDeploymentPostprocessing = 0;
		};
/* End PBXFrameworksBuildPhase section */

/* Begin PBXGroup section */
		CB4BADD92A1E793500670A33 = {
			isa = PBXGroup;
			children = (
				CB4BADE42A1E793500670A33 /* HackerNewsApollo */,
				CB4BADE32A1E793500670A33 /* Products */,
			);
			sourceTree = "<group>";
		};
		CB4BADE32A1E793500670A33 /* Products */ = {
			isa = PBXGroup;
			children = (
				CB4BADE22A1E793500670A33 /* HackerNewsApollo.app */,
			);
			name = Products;
			sourceTree = "<group>";
		};
		CB4BADE42A1E793500670A33 /* HackerNewsApollo */ = {
			isa = PBXGroup;
			children = (
				CB805EA22A1EDEC900690594 /* JSONFileReader.swift */,
				CB805EA42A1EE74200690594 /* Views */,
				CB805E9B2A1EDBB500690594 /* Data */,
				CB4BADF32A1E796000670A33 /* Classes */,
				CB4BADE52A1E793500670A33 /* HackerNewsApolloApp.swift */,
				CB4BADE72A1E793500670A33 /* ContentView.swift */,
				CB4BADE92A1E793600670A33 /* Assets.xcassets */,
				CB4BADEB2A1E793600670A33 /* Preview Content */,
			);
			path = HackerNewsApollo;
			sourceTree = "<group>";
		};
		CB4BADEB2A1E793600670A33 /* Preview Content */ = {
			isa = PBXGroup;
			children = (
				CB4BADEC2A1E793600670A33 /* Preview Assets.xcassets */,
			);
			path = "Preview Content";
			sourceTree = "<group>";
		};
		CB4BADF32A1E796000670A33 /* Classes */ = {
			isa = PBXGroup;
			children = (
				CB4BADF42A1E797800670A33 /* ItemPreview.swift */,
				CB805EA02A1EDCBB00690594 /* ItemListResponse.swift */,
			);
			path = Classes;
			sourceTree = "<group>";
		};
		CB805E9B2A1EDBB500690594 /* Data */ = {
			isa = PBXGroup;
			children = (
				CB805E9C2A1EDBEF00690594 /* story.json */,
				CB805E9E2A1EDC3200690594 /* item_list_response.json */,
			);
			path = Data;
			sourceTree = "<group>";
		};
		CB805EA42A1EE74200690594 /* Views */ = {
			isa = PBXGroup;
			children = (
				CB805EA52A1EE76700690594 /* ItemPreviewView.swift */,
				CB805EA72A1EECD900690594 /* ItemTypeDisplay.swift */,
				CB0291472A20089200A2E78C /* ItemListView.swift */,
			);
			path = Views;
			sourceTree = "<group>";
		};
/* End PBXGroup section */

/* Begin PBXNativeTarget section */
		CB4BADE12A1E793500670A33 /* HackerNewsApollo */ = {
			isa = PBXNativeTarget;
			buildConfigurationList = CB4BADF02A1E793600670A33 /* Build configuration list for PBXNativeTarget "HackerNewsApollo" */;
			buildPhases = (
				CB4BADDE2A1E793500670A33 /* Sources */,
				CB4BADDF2A1E793500670A33 /* Frameworks */,
				CB4BADE02A1E793500670A33 /* Resources */,
			);
			buildRules = (
			);
			dependencies = (
			);
			name = HackerNewsApollo;
			productName = HackerNewsApollo;
			productReference = CB4BADE22A1E793500670A33 /* HackerNewsApollo.app */;
			productType = "com.apple.product-type.application";
		};
/* End PBXNativeTarget section */

/* Begin PBXProject section */
		CB4BADDA2A1E793500670A33 /* Project object */ = {
			isa = PBXProject;
			attributes = {
				BuildIndependentTargetsInParallel = 1;
				LastSwiftUpdateCheck = 1430;
				LastUpgradeCheck = 1430;
				TargetAttributes = {
					CB4BADE12A1E793500670A33 = {
						CreatedOnToolsVersion = 14.3;
					};
				};
			};
			buildConfigurationList = CB4BADDD2A1E793500670A33 /* Build configuration list for PBXProject "HackerNewsApollo" */;
			compatibilityVersion = "Xcode 14.0";
			developmentRegion = en;
			hasScannedForEncodings = 0;
			knownRegions = (
				en,
				Base,
			);
			mainGroup = CB4BADD92A1E793500670A33;
			productRefGroup = CB4BADE32A1E793500670A33 /* Products */;
			projectDirPath = "";
			projectRoot = "";
			targets = (
				CB4BADE12A1E793500670A33 /* HackerNewsApollo */,
			);
		};
/* End PBXProject section */

/* Begin PBXResourcesBuildPhase section */
		CB4BADE02A1E793500670A33 /* Resources */ = {
			isa = PBXResourcesBuildPhase;
			buildActionMask = 2147483647;
			files = (
				CB4BADED2A1E793600670A33 /* Preview Assets.xcassets in Resources */,
				CB805E9F2A1EDC3200690594 /* item_list_response.json in Resources */,
				CB4BADEA2A1E793600670A33 /* Assets.xcassets in Resources */,
				CB805E9D2A1EDBEF00690594 /* story.json in Resources */,
			);
			runOnlyForDeploymentPostprocessing = 0;
		};
/* End PBXResourcesBuildPhase section */

/* Begin PBXSourcesBuildPhase section */
		CB4BADDE2A1E793500670A33 /* Sources */ = {
			isa = PBXSourcesBuildPhase;
			buildActionMask = 2147483647;
			files = (
				CB805EA32A1EDEC900690594 /* JSONFileReader.swift in Sources */,
				CB4BADF52A1E797800670A33 /* ItemPreview.swift in Sources */,
				CB805EA82A1EECD900690594 /* ItemTypeDisplay.swift in Sources */,
				CB0291482A20089200A2E78C /* ItemListView.swift in Sources */,
				CB4BADE82A1E793500670A33 /* ContentView.swift in Sources */,
				CB4BADE62A1E793500670A33 /* HackerNewsApolloApp.swift in Sources */,
				CB805EA62A1EE76700690594 /* ItemPreviewView.swift in Sources */,
				CB805EA12A1EDCBB00690594 /* ItemListResponse.swift in Sources */,
			);
			runOnlyForDeploymentPostprocessing = 0;
		};
/* End PBXSourcesBuildPhase section */

/* Begin XCBuildConfiguration section */
		CB4BADEE2A1E793600670A33 /* Debug */ = {
			isa = XCBuildConfiguration;
			buildSettings = {
				ALWAYS_SEARCH_USER_PATHS = NO;
				CLANG_ANALYZER_NONNULL = YES;
				CLANG_ANALYZER_NUMBER_OBJECT_CONVERSION = YES_AGGRESSIVE;
				CLANG_CXX_LANGUAGE_STANDARD = "gnu++20";
				CLANG_ENABLE_MODULES = YES;
				CLANG_ENABLE_OBJC_ARC = YES;
				CLANG_ENABLE_OBJC_WEAK = YES;
				CLANG_WARN_BLOCK_CAPTURE_AUTORELEASING = YES;
				CLANG_WARN_BOOL_CONVERSION = YES;
				CLANG_WARN_COMMA = YES;
				CLANG_WARN_CONSTANT_CONVERSION = YES;
				CLANG_WARN_DEPRECATED_OBJC_IMPLEMENTATIONS = YES;
				CLANG_WARN_DIRECT_OBJC_ISA_USAGE = YES_ERROR;
				CLANG_WARN_DOCUMENTATION_COMMENTS = YES;
				CLANG_WARN_EMPTY_BODY = YES;
				CLANG_WARN_ENUM_CONVERSION = YES;
				CLANG_WARN_INFINITE_RECURSION = YES;
				CLANG_WARN_INT_CONVERSION = YES;
				CLANG_WARN_NON_LITERAL_NULL_CONVERSION = YES;
				CLANG_WARN_OBJC_IMPLICIT_RETAIN_SELF = YES;
				CLANG_WARN_OBJC_LITERAL_CONVERSION = YES;
				CLANG_WARN_OBJC_ROOT_CLASS = YES_ERROR;
				CLANG_WARN_QUOTED_INCLUDE_IN_FRAMEWORK_HEADER = YES;
				CLANG_WARN_RANGE_LOOP_ANALYSIS = YES;
				CLANG_WARN_STRICT_PROTOTYPES = YES;
				CLANG_WARN_SUSPICIOUS_MOVE = YES;
				CLANG_WARN_UNGUARDED_AVAILABILITY = YES_AGGRESSIVE;
				CLANG_WARN_UNREACHABLE_CODE = YES;
				CLANG_WARN__DUPLICATE_METHOD_MATCH = YES;
				COPY_PHASE_STRIP = NO;
				DEBUG_INFORMATION_FORMAT = dwarf;
				ENABLE_STRICT_OBJC_MSGSEND = YES;
				ENABLE_TESTABILITY = YES;
				GCC_C_LANGUAGE_STANDARD = gnu11;
				GCC_DYNAMIC_NO_PIC = NO;
				GCC_NO_COMMON_BLOCKS = YES;
				GCC_OPTIMIZATION_LEVEL = 0;
				GCC_PREPROCESSOR_DEFINITIONS = (
					"DEBUG=1",
					"$(inherited)",
				);
				GCC_WARN_64_TO_32_BIT_CONVERSION = YES;
				GCC_WARN_ABOUT_RETURN_TYPE = YES_ERROR;
				GCC_WARN_UNDECLARED_SELECTOR = YES;
				GCC_WARN_UNINITIALIZED_AUTOS = YES_AGGRESSIVE;
				GCC_WARN_UNUSED_FUNCTION = YES;
				GCC_WARN_UNUSED_VARIABLE = YES;
				IPHONEOS_DEPLOYMENT_TARGET = 16.4;
				MTL_ENABLE_DEBUG_INFO = INCLUDE_SOURCE;
				MTL_FAST_MATH = YES;
				ONLY_ACTIVE_ARCH = YES;
				SDKROOT = iphoneos;
				SWIFT_ACTIVE_COMPILATION_CONDITIONS = DEBUG;
				SWIFT_OPTIMIZATION_LEVEL = "-Onone";
			};
			name = Debug;
		};
		CB4BADEF2A1E793600670A33 /* Release */ = {
			isa = XCBuildConfiguration;
			buildSettings = {
				ALWAYS_SEARCH_USER_PATHS = NO;
				CLANG_ANALYZER_NONNULL = YES;
				CLANG_ANALYZER_NUMBER_OBJECT_CONVERSION = YES_AGGRESSIVE;
				CLANG_CXX_LANGUAGE_STANDARD = "gnu++20";
				CLANG_ENABLE_MODULES = YES;
				CLANG_ENABLE_OBJC_ARC = YES;
				CLANG_ENABLE_OBJC_WEAK = YES;
				CLANG_WARN_BLOCK_CAPTURE_AUTORELEASING = YES;
				CLANG_WARN_BOOL_CONVERSION = YES;
				CLANG_WARN_COMMA = YES;
				CLANG_WARN_CONSTANT_CONVERSION = YES;
				CLANG_WARN_DEPRECATED_OBJC_IMPLEMENTATIONS = YES;
				CLANG_WARN_DIRECT_OBJC_ISA_USAGE = YES_ERROR;
				CLANG_WARN_DOCUMENTATION_COMMENTS = YES;
				CLANG_WARN_EMPTY_BODY = YES;
				CLANG_WARN_ENUM_CONVERSION = YES;
				CLANG_WARN_INFINITE_RECURSION = YES;
				CLANG_WARN_INT_CONVERSION = YES;
				CLANG_WARN_NON_LITERAL_NULL_CONVERSION = YES;
				CLANG_WARN_OBJC_IMPLICIT_RETAIN_SELF = YES;
				CLANG_WARN_OBJC_LITERAL_CONVERSION = YES;
				CLANG_WARN_OBJC_ROOT_CLASS = YES_ERROR;
				CLANG_WARN_QUOTED_INCLUDE_IN_FRAMEWORK_HEADER = YES;
				CLANG_WARN_RANGE_LOOP_ANALYSIS = YES;
				CLANG_WARN_STRICT_PROTOTYPES = YES;
				CLANG_WARN_SUSPICIOUS_MOVE = YES;
				CLANG_WARN_UNGUARDED_AVAILABILITY = YES_AGGRESSIVE;
				CLANG_WARN_UNREACHABLE_CODE = YES;
				CLANG_WARN__DUPLICATE_METHOD_MATCH = YES;
				COPY_PHASE_STRIP = NO;
				DEBUG_INFORMATION_FORMAT = "dwarf-with-dsym";
				ENABLE_NS_ASSERTIONS = NO;
				ENABLE_STRICT_OBJC_MSGSEND = YES;
				GCC_C_LANGUAGE_STANDARD = gnu11;
				GCC_NO_COMMON_BLOCKS = YES;
				GCC_WARN_64_TO_32_BIT_CONVERSION = YES;
				GCC_WARN_ABOUT_RETURN_TYPE = YES_ERROR;
				GCC_WARN_UNDECLARED_SELECTOR = YES;
				GCC_WARN_UNINITIALIZED_AUTOS = YES_AGGRESSIVE;
				GCC_WARN_UNUSED_FUNCTION = YES;
				GCC_WARN_UNUSED_VARIABLE = YES;
				IPHONEOS_DEPLOYMENT_TARGET = 16.4;
				MTL_ENABLE_DEBUG_INFO = NO;
				MTL_FAST_MATH = YES;
				SDKROOT = iphoneos;
				SWIFT_COMPILATION_MODE = wholemodule;
				SWIFT_OPTIMIZATION_LEVEL = "-O";
				VALIDATE_PRODUCT = YES;
			};
			name = Release;
		};
		CB4BADF12A1E793600670A33 /* Debug */ = {
			isa = XCBuildConfiguration;
			buildSettings = {
				ASSETCATALOG_COMPILER_APPICON_NAME = AppIcon;
				ASSETCATALOG_COMPILER_GLOBAL_ACCENT_COLOR_NAME = AccentColor;
				CODE_SIGN_STYLE = Automatic;
				CURRENT_PROJECT_VERSION = 1;
				DEVELOPMENT_ASSET_PATHS = "\"HackerNewsApollo/Preview Content\"";
				ENABLE_PREVIEWS = YES;
				GENERATE_INFOPLIST_FILE = YES;
				INFOPLIST_KEY_UIApplicationSceneManifest_Generation = YES;
				INFOPLIST_KEY_UIApplicationSupportsIndirectInputEvents = YES;
				INFOPLIST_KEY_UILaunchScreen_Generation = YES;
				INFOPLIST_KEY_UISupportedInterfaceOrientations_iPad = "UIInterfaceOrientationPortrait UIInterfaceOrientationPortraitUpsideDown UIInterfaceOrientationLandscapeLeft UIInterfaceOrientationLandscapeRight";
				INFOPLIST_KEY_UISupportedInterfaceOrientations_iPhone = "UIInterfaceOrientationPortrait UIInterfaceOrientationLandscapeLeft UIInterfaceOrientationLandscapeRight";
				LD_RUNPATH_SEARCH_PATHS = (
					"$(inherited)",
					"@executable_path/Frameworks",
				);
				MARKETING_VERSION = 1.0;
				PRODUCT_BUNDLE_IDENTIFIER = com.kobe.HackerNewsApollo;
				PRODUCT_NAME = "$(TARGET_NAME)";
				SWIFT_EMIT_LOC_STRINGS = YES;
				SWIFT_VERSION = 5.0;
				TARGETED_DEVICE_FAMILY = "1,2";
			};
			name = Debug;
		};
		CB4BADF22A1E793600670A33 /* Release */ = {
			isa = XCBuildConfiguration;
			buildSettings = {
				ASSETCATALOG_COMPILER_APPICON_NAME = AppIcon;
				ASSETCATALOG_COMPILER_GLOBAL_ACCENT_COLOR_NAME = AccentColor;
				CODE_SIGN_STYLE = Automatic;
				CURRENT_PROJECT_VERSION = 1;
				DEVELOPMENT_ASSET_PATHS = "\"HackerNewsApollo/Preview Content\"";
				ENABLE_PREVIEWS = YES;
				GENERATE_INFOPLIST_FILE = YES;
				INFOPLIST_KEY_UIApplicationSceneManifest_Generation = YES;
				INFOPLIST_KEY_UIApplicationSupportsIndirectInputEvents = YES;
				INFOPLIST_KEY_UILaunchScreen_Generation = YES;
				INFOPLIST_KEY_UISupportedInterfaceOrientations_iPad = "UIInterfaceOrientationPortrait UIInterfaceOrientationPortraitUpsideDown UIInterfaceOrientationLandscapeLeft UIInterfaceOrientationLandscapeRight";
				INFOPLIST_KEY_UISupportedInterfaceOrientations_iPhone = "UIInterfaceOrientationPortrait UIInterfaceOrientationLandscapeLeft UIInterfaceOrientationLandscapeRight";
				LD_RUNPATH_SEARCH_PATHS = (
					"$(inherited)",
					"@executable_path/Frameworks",
				);
				MARKETING_VERSION = 1.0;
				PRODUCT_BUNDLE_IDENTIFIER = com.kobe.HackerNewsApollo;
				PRODUCT_NAME = "$(TARGET_NAME)";
				SWIFT_EMIT_LOC_STRINGS = YES;
				SWIFT_VERSION = 5.0;
				TARGETED_DEVICE_FAMILY = "1,2";
			};
			name = Release;
		};
/* End XCBuildConfiguration section */

/* Begin XCConfigurationList section */
		CB4BADDD2A1E793500670A33 /* Build configuration list for PBXProject "HackerNewsApollo" */ = {
			isa = XCConfigurationList;
			buildConfigurations = (
				CB4BADEE2A1E793600670A33 /* Debug */,
				CB4BADEF2A1E793600670A33 /* Release */,
			);
			defaultConfigurationIsVisible = 0;
			defaultConfigurationName = Release;
		};
		CB4BADF02A1E793600670A33 /* Build configuration list for PBXNativeTarget "HackerNewsApollo" */ = {
			isa = XCConfigurationList;
			buildConfigurations = (
				CB4BADF12A1E793600670A33 /* Debug */,
				CB4BADF22A1E793600670A33 /* Release */,
			);
			defaultConfigurationIsVisible = 0;
			defaultConfigurationName = Release;
		};
/* End XCConfigurationList section */
	};
	rootObject = CB4BADDA2A1E793500670A33 /* Project object */;
}
